
Microsoft Visual Studio Solution File, Format Version 12.00
# Visual Studio Version 16
VisualStudioVersion = 16.0.29613.14
MinimumVisualStudioVersion = 10.0.40219.1
Project("{8BC9CEB8-8B4A-11D0-8D11-00A0C91BC942}") = "rigid_simul", "rigid_simul\rigid_simul.vcxproj", "{507A1EE1-7CC9-4825-A9A2-E698BAA7D479}"
EndProject
Global
	GlobalSection(SolutionConfigurationPlatforms) = preSolution
		Debug|x64 = Debug|x64
		Debug|x86 = Debug|x86
		Release|x64 = Release|x64
		Release|x86 = Release|x86
	EndGlobalSection
	GlobalSection(ProjectConfigurationPlatforms) = postSolution
		{507A1EE1-7CC9-4825-A9A2-E698BAA7D479}.Debug|x64.ActiveCfg = Debug|x64
		{507A1EE1-7CC9-4825-A9A2-E698BAA7D479}.Debug|x64.Build.0 = Debug|x64
		{507A1EE1-7CC9-4825-A9A2-E698BAA7D479}.Debug|x86.ActiveCfg = Debug|Win32
		{507A1EE1-7CC9-4825-A9A2-E698BAA7D479}.Debug|x86.Build.0 = Debug|Win32
		{507A1EE1-7CC9-4825-A9A2-E698BAA7D479}.Release|x64.ActiveCfg = Release|x64
		{507A1EE1-7CC9-4825-A9A2-E698BAA7D479}.Release|x64.Build.0 = Release|x64
		{507A1EE1-7CC9-4825-A9A2-E698BAA7D479}.Release|x86.ActiveCfg = Release|Win32
		{507A1EE1-7CC9-4825-A9A2-E698BAA7D479}.Release|x86.Build.0 = Release|Win32
	EndGlobalSection
	GlobalSection(SolutionProperties) = preSolution
		HideSolutionNode = FALSE
	EndGlobalSection
	GlobalSection(ExtensibilityGlobals) = postSolution
		SolutionGuid = {E9E3F101-8F67-4BC8-AC95-F73456C7A336}
	EndGlobalSection
EndGlobal
